// !$*UTF8*$!
{
	archiveVersion = 1;
	classes = {
	};
	objectVersion = 46;
	objects = {

/* Begin PBXBuildFile section */
		1A915FD7CE04A4D5123B9F69 /* Pods_Emoji_Talk.framework in Frameworks */ = {isa = PBXBuildFile; fileRef = 5D557C560E3892BD56FBD6BB /* Pods_Emoji_Talk.framework */; };
		D126B7141CF9CA6100502198 /* DefaultEmojis.json in Resources */ = {isa = PBXBuildFile; fileRef = D126B7131CF9CA6100502198 /* DefaultEmojis.json */; };
		D126B7161CF9CF6A00502198 /* EmojiTalkHelper.swift in Sources */ = {isa = PBXBuildFile; fileRef = D126B7151CF9CF6A00502198 /* EmojiTalkHelper.swift */; };
		D126B7181CF9D48E00502198 /* EmojiTableViewCell.swift in Sources */ = {isa = PBXBuildFile; fileRef = D126B7171CF9D48E00502198 /* EmojiTableViewCell.swift */; };
		D126B71A1CF9DE0300502198 /* EditEmojiViewController.swift in Sources */ = {isa = PBXBuildFile; fileRef = D126B7191CF9DE0300502198 /* EditEmojiViewController.swift */; };
		D126B71E1CF9EC6100502198 /* AddEmojiTableTableViewController.swift in Sources */ = {isa = PBXBuildFile; fileRef = D126B71D1CF9EC6100502198 /* AddEmojiTableTableViewController.swift */; };
		D14DA2871CF94B71001F281A /* SettingsViewController.swift in Sources */ = {isa = PBXBuildFile; fileRef = D14DA2861CF94B71001F281A /* SettingsViewController.swift */; };
		D14DA28B1CF94ED0001F281A /* CustomizeEmojiTableViewController.swift in Sources */ = {isa = PBXBuildFile; fileRef = D14DA28A1CF94ED0001F281A /* CustomizeEmojiTableViewController.swift */; };
		D168059C1CF8FCA80080A13B /* AppDelegate.swift in Sources */ = {isa = PBXBuildFile; fileRef = D168059B1CF8FCA80080A13B /* AppDelegate.swift */; };
		D168059E1CF8FCA80080A13B /* ViewController.swift in Sources */ = {isa = PBXBuildFile; fileRef = D168059D1CF8FCA80080A13B /* ViewController.swift */; };
		D16805A11CF8FCA80080A13B /* Main.storyboard in Resources */ = {isa = PBXBuildFile; fileRef = D168059F1CF8FCA80080A13B /* Main.storyboard */; };
		D16805A31CF8FCA80080A13B /* Assets.xcassets in Resources */ = {isa = PBXBuildFile; fileRef = D16805A21CF8FCA80080A13B /* Assets.xcassets */; };
		D16805A61CF8FCA80080A13B /* LaunchScreen.storyboard in Resources */ = {isa = PBXBuildFile; fileRef = D16805A41CF8FCA80080A13B /* LaunchScreen.storyboard */; };
		D16805B11CF8FCA80080A13B /* Emoji_TalkTests.swift in Sources */ = {isa = PBXBuildFile; fileRef = D16805B01CF8FCA80080A13B /* Emoji_TalkTests.swift */; };
		D16805BC1CF8FCA80080A13B /* Emoji_TalkUITests.swift in Sources */ = {isa = PBXBuildFile; fileRef = D16805BB1CF8FCA80080A13B /* Emoji_TalkUITests.swift */; };
		D17E1BFC1CF9025500138C02 /* EmojiCell.swift in Sources */ = {isa = PBXBuildFile; fileRef = D17E1BFB1CF9025500138C02 /* EmojiCell.swift */; };
		D17E1BFE1CF90E1900138C02 /* EmojiDetailViewController.swift in Sources */ = {isa = PBXBuildFile; fileRef = D17E1BFD1CF90E1900138C02 /* EmojiDetailViewController.swift */; };
		D17E1C001CF926FB00138C02 /* SpellViewController.swift in Sources */ = {isa = PBXBuildFile; fileRef = D17E1BFF1CF926FB00138C02 /* SpellViewController.swift */; };
		D1B945891CF9FABA0049B210 /* StoryViewController.swift in Sources */ = {isa = PBXBuildFile; fileRef = D1B945881CF9FABA0049B210 /* StoryViewController.swift */; };
/* End PBXBuildFile section */

/* Begin PBXContainerItemProxy section */
		D16805AD1CF8FCA80080A13B /* PBXContainerItemProxy */ = {
			isa = PBXContainerItemProxy;
			containerPortal = D16805901CF8FCA80080A13B /* Project object */;
			proxyType = 1;
			remoteGlobalIDString = D16805971CF8FCA80080A13B;
			remoteInfo = "Emoji Talk";
		};
		D16805B81CF8FCA80080A13B /* PBXContainerItemProxy */ = {
			isa = PBXContainerItemProxy;
			containerPortal = D16805901CF8FCA80080A13B /* Project object */;
			proxyType = 1;
			remoteGlobalIDString = D16805971CF8FCA80080A13B;
			remoteInfo = "Emoji Talk";
		};
/* End PBXContainerItemProxy section */

/* Begin PBXFileReference section */
		2632ED51ED0E68FDC27593E0 /* Pods-Emoji Talk.release.xcconfig */ = {isa = PBXFileReference; includeInIndex = 1; lastKnownFileType = text.xcconfig; name = "Pods-Emoji Talk.release.xcconfig"; path = "Pods/Target Support Files/Pods-Emoji Talk/Pods-Emoji Talk.release.xcconfig"; sourceTree = "<group>"; };
		58EC7EFDBA9977AEAFF1BDF4 /* Pods-Emoji Talk.debug.xcconfig */ = {isa = PBXFileReference; includeInIndex = 1; lastKnownFileType = text.xcconfig; name = "Pods-Emoji Talk.debug.xcconfig"; path = "Pods/Target Support Files/Pods-Emoji Talk/Pods-Emoji Talk.debug.xcconfig"; sourceTree = "<group>"; };
		5D557C560E3892BD56FBD6BB /* Pods_Emoji_Talk.framework */ = {isa = PBXFileReference; explicitFileType = wrapper.framework; includeInIndex = 0; path = Pods_Emoji_Talk.framework; sourceTree = BUILT_PRODUCTS_DIR; };
		D126B7131CF9CA6100502198 /* DefaultEmojis.json */ = {isa = PBXFileReference; fileEncoding = 4; lastKnownFileType = text.json; path = DefaultEmojis.json; sourceTree = "<group>"; };
		D126B7151CF9CF6A00502198 /* EmojiTalkHelper.swift */ = {isa = PBXFileReference; fileEncoding = 4; lastKnownFileType = sourcecode.swift; path = EmojiTalkHelper.swift; sourceTree = "<group>"; };
		D126B7171CF9D48E00502198 /* EmojiTableViewCell.swift */ = {isa = PBXFileReference; fileEncoding = 4; lastKnownFileType = sourcecode.swift; path = EmojiTableViewCell.swift; sourceTree = "<group>"; };
		D126B7191CF9DE0300502198 /* EditEmojiViewController.swift */ = {isa = PBXFileReference; fileEncoding = 4; lastKnownFileType = sourcecode.swift; path = EditEmojiViewController.swift; sourceTree = "<group>"; };
		D126B71D1CF9EC6100502198 /* AddEmojiTableTableViewController.swift */ = {isa = PBXFileReference; fileEncoding = 4; lastKnownFileType = sourcecode.swift; path = AddEmojiTableTableViewController.swift; sourceTree = "<group>"; };
		D14DA2861CF94B71001F281A /* SettingsViewController.swift */ = {isa = PBXFileReference; fileEncoding = 4; lastKnownFileType = sourcecode.swift; path = SettingsViewController.swift; sourceTree = "<group>"; };
		D14DA28A1CF94ED0001F281A /* CustomizeEmojiTableViewController.swift */ = {isa = PBXFileReference; fileEncoding = 4; lastKnownFileType = sourcecode.swift; path = CustomizeEmojiTableViewController.swift; sourceTree = "<group>"; };
		D16805981CF8FCA80080A13B /* Emoji Talk.app */ = {isa = PBXFileReference; explicitFileType = wrapper.application; includeInIndex = 0; path = "Emoji Talk.app"; sourceTree = BUILT_PRODUCTS_DIR; };
		D168059B1CF8FCA80080A13B /* AppDelegate.swift */ = {isa = PBXFileReference; lastKnownFileType = sourcecode.swift; path = AppDelegate.swift; sourceTree = "<group>"; };
		D168059D1CF8FCA80080A13B /* ViewController.swift */ = {isa = PBXFileReference; lastKnownFileType = sourcecode.swift; path = ViewController.swift; sourceTree = "<group>"; };
		D16805A01CF8FCA80080A13B /* Base */ = {isa = PBXFileReference; lastKnownFileType = file.storyboard; name = Base; path = Base.lproj/Main.storyboard; sourceTree = "<group>"; };
		D16805A21CF8FCA80080A13B /* Assets.xcassets */ = {isa = PBXFileReference; lastKnownFileType = folder.assetcatalog; path = Assets.xcassets; sourceTree = "<group>"; };
		D16805A51CF8FCA80080A13B /* Base */ = {isa = PBXFileReference; lastKnownFileType = file.storyboard; name = Base; path = Base.lproj/LaunchScreen.storyboard; sourceTree = "<group>"; };
		D16805A71CF8FCA80080A13B /* Info.plist */ = {isa = PBXFileReference; lastKnownFileType = text.plist.xml; path = Info.plist; sourceTree = "<group>"; };
		D16805AC1CF8FCA80080A13B /* Emoji TalkTests.xctest */ = {isa = PBXFileReference; explicitFileType = wrapper.cfbundle; includeInIndex = 0; path = "Emoji TalkTests.xctest"; sourceTree = BUILT_PRODUCTS_DIR; };
		D16805B01CF8FCA80080A13B /* Emoji_TalkTests.swift */ = {isa = PBXFileReference; lastKnownFileType = sourcecode.swift; path = Emoji_TalkTests.swift; sourceTree = "<group>"; };
		D16805B21CF8FCA80080A13B /* Info.plist */ = {isa = PBXFileReference; lastKnownFileType = text.plist.xml; path = Info.plist; sourceTree = "<group>"; };
		D16805B71CF8FCA80080A13B /* Emoji TalkUITests.xctest */ = {isa = PBXFileReference; explicitFileType = wrapper.cfbundle; includeInIndex = 0; path = "Emoji TalkUITests.xctest"; sourceTree = BUILT_PRODUCTS_DIR; };
		D16805BB1CF8FCA80080A13B /* Emoji_TalkUITests.swift */ = {isa = PBXFileReference; lastKnownFileType = sourcecode.swift; path = Emoji_TalkUITests.swift; sourceTree = "<group>"; };
		D16805BD1CF8FCA80080A13B /* Info.plist */ = {isa = PBXFileReference; lastKnownFileType = text.plist.xml; path = Info.plist; sourceTree = "<group>"; };
		D17E1BFB1CF9025500138C02 /* EmojiCell.swift */ = {isa = PBXFileReference; fileEncoding = 4; lastKnownFileType = sourcecode.swift; path = EmojiCell.swift; sourceTree = "<group>"; };
		D17E1BFD1CF90E1900138C02 /* EmojiDetailViewController.swift */ = {isa = PBXFileReference; fileEncoding = 4; lastKnownFileType = sourcecode.swift; path = EmojiDetailViewController.swift; sourceTree = "<group>"; };
		D17E1BFF1CF926FB00138C02 /* SpellViewController.swift */ = {isa = PBXFileReference; fileEncoding = 4; lastKnownFileType = sourcecode.swift; path = SpellViewController.swift; sourceTree = "<group>"; };
		D1B945881CF9FABA0049B210 /* StoryViewController.swift */ = {isa = PBXFileReference; fileEncoding = 4; lastKnownFileType = sourcecode.swift; path = StoryViewController.swift; sourceTree = "<group>"; };
/* End PBXFileReference section */

/* Begin PBXFrameworksBuildPhase section */
		D16805951CF8FCA80080A13B /* Frameworks */ = {
			isa = PBXFrameworksBuildPhase;
			buildActionMask = 2147483647;
			files = (
				1A915FD7CE04A4D5123B9F69 /* Pods_Emoji_Talk.framework in Frameworks */,
			);
			runOnlyForDeploymentPostprocessing = 0;
		};
		D16805A91CF8FCA80080A13B /* Frameworks */ = {
			isa = PBXFrameworksBuildPhase;
			buildActionMask = 2147483647;
			files = (
			);
			runOnlyForDeploymentPostprocessing = 0;
		};
		D16805B41CF8FCA80080A13B /* Frameworks */ = {
			isa = PBXFrameworksBuildPhase;
			buildActionMask = 2147483647;
			files = (
			);
			runOnlyForDeploymentPostprocessing = 0;
		};
/* End PBXFrameworksBuildPhase section */

/* Begin PBXGroup section */
		1686DE4455632A1DC39A1580 /* Pods */ = {
			isa = PBXGroup;
			children = (
				58EC7EFDBA9977AEAFF1BDF4 /* Pods-Emoji Talk.debug.xcconfig */,
				2632ED51ED0E68FDC27593E0 /* Pods-Emoji Talk.release.xcconfig */,
			);
			name = Pods;
			sourceTree = "<group>";
		};
		BFFF72EBC1910374A5A643B8 /* Frameworks */ = {
			isa = PBXGroup;
			children = (
				5D557C560E3892BD56FBD6BB /* Pods_Emoji_Talk.framework */,
			);
			name = Frameworks;
			sourceTree = "<group>";
		};
		D168058F1CF8FCA80080A13B = {
			isa = PBXGroup;
			children = (
				D168059A1CF8FCA80080A13B /* Emoji Talk */,
				D16805AF1CF8FCA80080A13B /* Emoji TalkTests */,
				D16805BA1CF8FCA80080A13B /* Emoji TalkUITests */,
				D16805991CF8FCA80080A13B /* Products */,
				1686DE4455632A1DC39A1580 /* Pods */,
				BFFF72EBC1910374A5A643B8 /* Frameworks */,
			);
			sourceTree = "<group>";
		};
		D16805991CF8FCA80080A13B /* Products */ = {
			isa = PBXGroup;
			children = (
				D16805981CF8FCA80080A13B /* Emoji Talk.app */,
				D16805AC1CF8FCA80080A13B /* Emoji TalkTests.xctest */,
				D16805B71CF8FCA80080A13B /* Emoji TalkUITests.xctest */,
			);
			name = Products;
			sourceTree = "<group>";
		};
		D168059A1CF8FCA80080A13B /* Emoji Talk */ = {
			isa = PBXGroup;
			children = (
				D168059B1CF8FCA80080A13B /* AppDelegate.swift */,
				D14DA2861CF94B71001F281A /* SettingsViewController.swift */,
				D168059D1CF8FCA80080A13B /* ViewController.swift */,
				D1B945881CF9FABA0049B210 /* StoryViewController.swift */,
				D17E1BFD1CF90E1900138C02 /* EmojiDetailViewController.swift */,
				D17E1BFF1CF926FB00138C02 /* SpellViewController.swift */,
				D168059F1CF8FCA80080A13B /* Main.storyboard */,
				D16805A21CF8FCA80080A13B /* Assets.xcassets */,
				D16805A41CF8FCA80080A13B /* LaunchScreen.storyboard */,
				D16805A71CF8FCA80080A13B /* Info.plist */,
				D17E1BFB1CF9025500138C02 /* EmojiCell.swift */,
				D14DA28A1CF94ED0001F281A /* CustomizeEmojiTableViewController.swift */,
				D126B7131CF9CA6100502198 /* DefaultEmojis.json */,
				D126B7151CF9CF6A00502198 /* EmojiTalkHelper.swift */,
				D126B7171CF9D48E00502198 /* EmojiTableViewCell.swift */,
				D126B7191CF9DE0300502198 /* EditEmojiViewController.swift */,
				D126B71D1CF9EC6100502198 /* AddEmojiTableTableViewController.swift */,
			);
			path = "Emoji Talk";
			sourceTree = "<group>";
		};
		D16805AF1CF8FCA80080A13B /* Emoji TalkTests */ = {
			isa = PBXGroup;
			children = (
				D16805B01CF8FCA80080A13B /* Emoji_TalkTests.swift */,
				D16805B21CF8FCA80080A13B /* Info.plist */,
			);
			path = "Emoji TalkTests";
			sourceTree = "<group>";
		};
		D16805BA1CF8FCA80080A13B /* Emoji TalkUITests */ = {
			isa = PBXGroup;
			children = (
				D16805BB1CF8FCA80080A13B /* Emoji_TalkUITests.swift */,
				D16805BD1CF8FCA80080A13B /* Info.plist */,
			);
			path = "Emoji TalkUITests";
			sourceTree = "<group>";
		};
/* End PBXGroup section */

/* Begin PBXNativeTarget section */
		D16805971CF8FCA80080A13B /* Emoji Talk */ = {
			isa = PBXNativeTarget;
			buildConfigurationList = D16805C01CF8FCA80080A13B /* Build configuration list for PBXNativeTarget "Emoji Talk" */;
			buildPhases = (
				3781F185442CCD0020084611 /* 📦 Check Pods Manifest.lock */,
				D16805941CF8FCA80080A13B /* Sources */,
				D16805951CF8FCA80080A13B /* Frameworks */,
				D16805961CF8FCA80080A13B /* Resources */,
				00BA2E0E9358321F13B60D6F /* 📦 Embed Pods Frameworks */,
				DD89D2AA28DB6532EF40A57F /* 📦 Copy Pods Resources */,
			);
			buildRules = (
			);
			dependencies = (
			);
			name = "Emoji Talk";
			productName = "Emoji Talk";
			productReference = D16805981CF8FCA80080A13B /* Emoji Talk.app */;
			productType = "com.apple.product-type.application";
		};
		D16805AB1CF8FCA80080A13B /* Emoji TalkTests */ = {
			isa = PBXNativeTarget;
			buildConfigurationList = D16805C31CF8FCA80080A13B /* Build configuration list for PBXNativeTarget "Emoji TalkTests" */;
			buildPhases = (
				D16805A81CF8FCA80080A13B /* Sources */,
				D16805A91CF8FCA80080A13B /* Frameworks */,
				D16805AA1CF8FCA80080A13B /* Resources */,
			);
			buildRules = (
			);
			dependencies = (
				D16805AE1CF8FCA80080A13B /* PBXTargetDependency */,
			);
			name = "Emoji TalkTests";
			productName = "Emoji TalkTests";
			productReference = D16805AC1CF8FCA80080A13B /* Emoji TalkTests.xctest */;
			productType = "com.apple.product-type.bundle.unit-test";
		};
		D16805B61CF8FCA80080A13B /* Emoji TalkUITests */ = {
			isa = PBXNativeTarget;
			buildConfigurationList = D16805C61CF8FCA80080A13B /* Build configuration list for PBXNativeTarget "Emoji TalkUITests" */;
			buildPhases = (
				D16805B31CF8FCA80080A13B /* Sources */,
				D16805B41CF8FCA80080A13B /* Frameworks */,
				D16805B51CF8FCA80080A13B /* Resources */,
			);
			buildRules = (
			);
			dependencies = (
				D16805B91CF8FCA80080A13B /* PBXTargetDependency */,
			);
			name = "Emoji TalkUITests";
			productName = "Emoji TalkUITests";
			productReference = D16805B71CF8FCA80080A13B /* Emoji TalkUITests.xctest */;
			productType = "com.apple.product-type.bundle.ui-testing";
		};
/* End PBXNativeTarget section */

/* Begin PBXProject section */
		D16805901CF8FCA80080A13B /* Project object */ = {
			isa = PBXProject;
			attributes = {
				LastSwiftUpdateCheck = 0730;
				LastUpgradeCheck = 0730;
				ORGANIZATIONNAME = "Uhack Emoji";
				TargetAttributes = {
					D16805971CF8FCA80080A13B = {
						CreatedOnToolsVersion = 7.3;
					};
					D16805AB1CF8FCA80080A13B = {
						CreatedOnToolsVersion = 7.3;
						TestTargetID = D16805971CF8FCA80080A13B;
					};
					D16805B61CF8FCA80080A13B = {
						CreatedOnToolsVersion = 7.3;
						TestTargetID = D16805971CF8FCA80080A13B;
					};
				};
			};
			buildConfigurationList = D16805931CF8FCA80080A13B /* Build configuration list for PBXProject "Emoji Talk" */;
			compatibilityVersion = "Xcode 3.2";
			developmentRegion = English;
			hasScannedForEncodings = 0;
			knownRegions = (
				en,
				Base,
			);
			mainGroup = D168058F1CF8FCA80080A13B;
			productRefGroup = D16805991CF8FCA80080A13B /* Products */;
			projectDirPath = "";
			projectRoot = "";
			targets = (
				D16805971CF8FCA80080A13B /* Emoji Talk */,
				D16805AB1CF8FCA80080A13B /* Emoji TalkTests */,
				D16805B61CF8FCA80080A13B /* Emoji TalkUITests */,
			);
		};
/* End PBXProject section */

/* Begin PBXResourcesBuildPhase section */
		D16805961CF8FCA80080A13B /* Resources */ = {
			isa = PBXResourcesBuildPhase;
			buildActionMask = 2147483647;
			files = (
				D16805A61CF8FCA80080A13B /* LaunchScreen.storyboard in Resources */,
				D16805A31CF8FCA80080A13B /* Assets.xcassets in Resources */,
				D126B7141CF9CA6100502198 /* DefaultEmojis.json in Resources */,
				D16805A11CF8FCA80080A13B /* Main.storyboard in Resources */,
			);
			runOnlyForDeploymentPostprocessing = 0;
		};
		D16805AA1CF8FCA80080A13B /* Resources */ = {
			isa = PBXResourcesBuildPhase;
			buildActionMask = 2147483647;
			files = (
			);
			runOnlyForDeploymentPostprocessing = 0;
		};
		D16805B51CF8FCA80080A13B /* Resources */ = {
			isa = PBXResourcesBuildPhase;
			buildActionMask = 2147483647;
			files = (
			);
			runOnlyForDeploymentPostprocessing = 0;
		};
/* End PBXResourcesBuildPhase section */

/* Begin PBXShellScriptBuildPhase section */
		00BA2E0E9358321F13B60D6F /* 📦 Embed Pods Frameworks */ = {
			isa = PBXShellScriptBuildPhase;
			buildActionMask = 2147483647;
			files = (
			);
			inputPaths = (
			);
			name = "📦 Embed Pods Frameworks";
			outputPaths = (
			);
			runOnlyForDeploymentPostprocessing = 0;
			shellPath = /bin/sh;
			shellScript = "\"${SRCROOT}/Pods/Target Support Files/Pods-Emoji Talk/Pods-Emoji Talk-frameworks.sh\"\n";
			showEnvVarsInLog = 0;
		};
		3781F185442CCD0020084611 /* 📦 Check Pods Manifest.lock */ = {
			isa = PBXShellScriptBuildPhase;
			buildActionMask = 2147483647;
			files = (
			);
			inputPaths = (
			);
			name = "📦 Check Pods Manifest.lock";
			outputPaths = (
			);
			runOnlyForDeploymentPostprocessing = 0;
			shellPath = /bin/sh;
			shellScript = "diff \"${PODS_ROOT}/../Podfile.lock\" \"${PODS_ROOT}/Manifest.lock\" > /dev/null\nif [[ $? != 0 ]] ; then\n    cat << EOM\nerror: The sandbox is not in sync with the Podfile.lock. Run 'pod install' or update your CocoaPods installation.\nEOM\n    exit 1\nfi\n";
			showEnvVarsInLog = 0;
		};
		DD89D2AA28DB6532EF40A57F /* 📦 Copy Pods Resources */ = {
			isa = PBXShellScriptBuildPhase;
			buildActionMask = 2147483647;
			files = (
			);
			inputPaths = (
			);
			name = "📦 Copy Pods Resources";
			outputPaths = (
			);
			runOnlyForDeploymentPostprocessing = 0;
			shellPath = /bin/sh;
			shellScript = "\"${SRCROOT}/Pods/Target Support Files/Pods-Emoji Talk/Pods-Emoji Talk-resources.sh\"\n";
			showEnvVarsInLog = 0;
		};
/* End PBXShellScriptBuildPhase section */

/* Begin PBXSourcesBuildPhase section */
		D16805941CF8FCA80080A13B /* Sources */ = {
			isa = PBXSourcesBuildPhase;
			buildActionMask = 2147483647;
			files = (
				D1B945891CF9FABA0049B210 /* StoryViewController.swift in Sources */,
				D126B7161CF9CF6A00502198 /* EmojiTalkHelper.swift in Sources */,
				D126B71A1CF9DE0300502198 /* EditEmojiViewController.swift in Sources */,
				D126B7181CF9D48E00502198 /* EmojiTableViewCell.swift in Sources */,
				D17E1BFE1CF90E1900138C02 /* EmojiDetailViewController.swift in Sources */,
				D17E1BFC1CF9025500138C02 /* EmojiCell.swift in Sources */,
				D17E1C001CF926FB00138C02 /* SpellViewController.swift in Sources */,
				D14DA28B1CF94ED0001F281A /* CustomizeEmojiTableViewController.swift in Sources */,
				D168059E1CF8FCA80080A13B /* ViewController.swift in Sources */,
				D168059C1CF8FCA80080A13B /* AppDelegate.swift in Sources */,
				D14DA2871CF94B71001F281A /* SettingsViewController.swift in Sources */,
				D126B71E1CF9EC6100502198 /* AddEmojiTableTableViewController.swift in Sources */,
			);
			runOnlyForDeploymentPostprocessing = 0;
		};
		D16805A81CF8FCA80080A13B /* Sources */ = {
			isa = PBXSourcesBuildPhase;
			buildActionMask = 2147483647;
			files = (
				D16805B11CF8FCA80080A13B /* Emoji_TalkTests.swift in Sources */,
			);
			runOnlyForDeploymentPostprocessing = 0;
		};
		D16805B31CF8FCA80080A13B /* Sources */ = {
			isa = PBXSourcesBuildPhase;
			buildActionMask = 2147483647;
			files = (
				D16805BC1CF8FCA80080A13B /* Emoji_TalkUITests.swift in Sources */,
			);
			runOnlyForDeploymentPostprocessing = 0;
		};
/* End PBXSourcesBuildPhase section */

/* Begin PBXTargetDependency section */
		D16805AE1CF8FCA80080A13B /* PBXTargetDependency */ = {
			isa = PBXTargetDependency;
			target = D16805971CF8FCA80080A13B /* Emoji Talk */;
			targetProxy = D16805AD1CF8FCA80080A13B /* PBXContainerItemProxy */;
		};
		D16805B91CF8FCA80080A13B /* PBXTargetDependency */ = {
			isa = PBXTargetDependency;
			target = D16805971CF8FCA80080A13B /* Emoji Talk */;
			targetProxy = D16805B81CF8FCA80080A13B /* PBXContainerItemProxy */;
		};
/* End PBXTargetDependency section */

/* Begin PBXVariantGroup section */
		D168059F1CF8FCA80080A13B /* Main.storyboard */ = {
			isa = PBXVariantGroup;
			children = (
				D16805A01CF8FCA80080A13B /* Base */,
			);
			name = Main.storyboard;
			sourceTree = "<group>";
		};
		D16805A41CF8FCA80080A13B /* LaunchScreen.storyboard */ = {
			isa = PBXVariantGroup;
			children = (
				D16805A51CF8FCA80080A13B /* Base */,
			);
			name = LaunchScreen.storyboard;
			sourceTree = "<group>";
		};
/* End PBXVariantGroup section */

/* Begin XCBuildConfiguration section */
		D16805BE1CF8FCA80080A13B /* Debug */ = {
			isa = XCBuildConfiguration;
			buildSettings = {
				ALWAYS_SEARCH_USER_PATHS = NO;
				CLANG_ANALYZER_NONNULL = YES;
				CLANG_CXX_LANGUAGE_STANDARD = "gnu++0x";
				CLANG_CXX_LIBRARY = "libc++";
				CLANG_ENABLE_MODULES = YES;
				CLANG_ENABLE_OBJC_ARC = YES;
				CLANG_WARN_BOOL_CONVERSION = YES;
				CLANG_WARN_CONSTANT_CONVERSION = YES;
				CLANG_WARN_DIRECT_OBJC_ISA_USAGE = YES_ERROR;
				CLANG_WARN_EMPTY_BODY = YES;
				CLANG_WARN_ENUM_CONVERSION = YES;
				CLANG_WARN_INT_CONVERSION = YES;
				CLANG_WARN_OBJC_ROOT_CLASS = YES_ERROR;
				CLANG_WARN_UNREACHABLE_CODE = YES;
				CLANG_WARN__DUPLICATE_METHOD_MATCH = YES;
				"CODE_SIGN_IDENTITY[sdk=iphoneos*]" = "iPhone Developer";
				COPY_PHASE_STRIP = NO;
				DEBUG_INFORMATION_FORMAT = dwarf;
				ENABLE_STRICT_OBJC_MSGSEND = YES;
				ENABLE_TESTABILITY = YES;
				GCC_C_LANGUAGE_STANDARD = gnu99;
				GCC_DYNAMIC_NO_PIC = NO;
				GCC_NO_COMMON_BLOCKS = YES;
				GCC_OPTIMIZATION_LEVEL = 0;
				GCC_PREPROCESSOR_DEFINITIONS = (
					"DEBUG=1",
					"$(inherited)",
				);
				GCC_WARN_64_TO_32_BIT_CONVERSION = YES;
				GCC_WARN_ABOUT_RETURN_TYPE = YES_ERROR;
				GCC_WARN_UNDECLARED_SELECTOR = YES;
				GCC_WARN_UNINITIALIZED_AUTOS = YES_AGGRESSIVE;
				GCC_WARN_UNUSED_FUNCTION = YES;
				GCC_WARN_UNUSED_VARIABLE = YES;
				IPHONEOS_DEPLOYMENT_TARGET = 9.3;
				MTL_ENABLE_DEBUG_INFO = YES;
				ONLY_ACTIVE_ARCH = YES;
				SDKROOT = iphoneos;
				SWIFT_OPTIMIZATION_LEVEL = "-Onone";
				TARGETED_DEVICE_FAMILY = 2;
			};
			name = Debug;
		};
		D16805BF1CF8FCA80080A13B /* Release */ = {
			isa = XCBuildConfiguration;
			buildSettings = {
				ALWAYS_SEARCH_USER_PATHS = NO;
				CLANG_ANALYZER_NONNULL = YES;
				CLANG_CXX_LANGUAGE_STANDARD = "gnu++0x";
				CLANG_CXX_LIBRARY = "libc++";
				CLANG_ENABLE_MODULES = YES;
				CLANG_ENABLE_OBJC_ARC = YES;
				CLANG_WARN_BOOL_CONVERSION = YES;
				CLANG_WARN_CONSTANT_CONVERSION = YES;
				CLANG_WARN_DIRECT_OBJC_ISA_USAGE = YES_ERROR;
				CLANG_WARN_EMPTY_BODY = YES;
				CLANG_WARN_ENUM_CONVERSION = YES;
				CLANG_WARN_INT_CONVERSION = YES;
				CLANG_WARN_OBJC_ROOT_CLASS = YES_ERROR;
				CLANG_WARN_UNREACHABLE_CODE = YES;
				CLANG_WARN__DUPLICATE_METHOD_MATCH = YES;
				"CODE_SIGN_IDENTITY[sdk=iphoneos*]" = "iPhone Developer";
				COPY_PHASE_STRIP = NO;
				DEBUG_INFORMATION_FORMAT = "dwarf-with-dsym";
				ENABLE_NS_ASSERTIONS = NO;
				ENABLE_STRICT_OBJC_MSGSEND = YES;
				GCC_C_LANGUAGE_STANDARD = gnu99;
				GCC_NO_COMMON_BLOCKS = YES;
				GCC_WARN_64_TO_32_BIT_CONVERSION = YES;
				GCC_WARN_ABOUT_RETURN_TYPE = YES_ERROR;
				GCC_WARN_UNDECLARED_SELECTOR = YES;
				GCC_WARN_UNINITIALIZED_AUTOS = YES_AGGRESSIVE;
				GCC_WARN_UNUSED_FUNCTION = YES;
				GCC_WARN_UNUSED_VARIABLE = YES;
				IPHONEOS_DEPLOYMENT_TARGET = 9.3;
				MTL_ENABLE_DEBUG_INFO = NO;
				SDKROOT = iphoneos;
				TARGETED_DEVICE_FAMILY = 2;
				VALIDATE_PRODUCT = YES;
			};
			name = Release;
		};
		D16805C11CF8FCA80080A13B /* Debug */ = {
			isa = XCBuildConfiguration;
			baseConfigurationReference = 58EC7EFDBA9977AEAFF1BDF4 /* Pods-Emoji Talk.debug.xcconfig */;
			buildSettings = {
				ASSETCATALOG_COMPILER_APPICON_NAME = AppIcon;
				INFOPLIST_FILE = "Emoji Talk/Info.plist";
				LD_RUNPATH_SEARCH_PATHS = "$(inherited) @executable_path/Frameworks";
				PRODUCT_BUNDLE_IDENTIFIER = "Uhack-Emoji.Emoji-Talk";
				PRODUCT_NAME = "$(TARGET_NAME)";
			};
			name = Debug;
		};
		D16805C21CF8FCA80080A13B /* Release */ = {
			isa = XCBuildConfiguration;
			baseConfigurationReference = 2632ED51ED0E68FDC27593E0 /* Pods-Emoji Talk.release.xcconfig */;
			buildSettings = {
				ASSETCATALOG_COMPILER_APPICON_NAME = AppIcon;
				INFOPLIST_FILE = "Emoji Talk/Info.plist";
				LD_RUNPATH_SEARCH_PATHS = "$(inherited) @executable_path/Frameworks";
				PRODUCT_BUNDLE_IDENTIFIER = "Uhack-Emoji.Emoji-Talk";
				PRODUCT_NAME = "$(TARGET_NAME)";
			};
			name = Release;
		};
		D16805C41CF8FCA80080A13B /* Debug */ = {
			isa = XCBuildConfiguration;
			buildSettings = {
				BUNDLE_LOADER = "$(TEST_HOST)";
				INFOPLIST_FILE = "Emoji TalkTests/Info.plist";
				LD_RUNPATH_SEARCH_PATHS = "$(inherited) @executable_path/Frameworks @loader_path/Frameworks";
				PRODUCT_BUNDLE_IDENTIFIER = "Uhack-Emoji.Emoji-TalkTests";
				PRODUCT_NAME = "$(TARGET_NAME)";
				TEST_HOST = "$(BUILT_PRODUCTS_DIR)/Emoji Talk.app/Emoji Talk";
			};
			name = Debug;
		};
		D16805C51CF8FCA80080A13B /* Release */ = {
			isa = XCBuildConfiguration;
			buildSettings = {
				BUNDLE_LOADER = "$(TEST_HOST)";
				INFOPLIST_FILE = "Emoji TalkTests/Info.plist";
				LD_RUNPATH_SEARCH_PATHS = "$(inherited) @executable_path/Frameworks @loader_path/Frameworks";
				PRODUCT_BUNDLE_IDENTIFIER = "Uhack-Emoji.Emoji-TalkTests";
				PRODUCT_NAME = "$(TARGET_NAME)";
				TEST_HOST = "$(BUILT_PRODUCTS_DIR)/Emoji Talk.app/Emoji Talk";
			};
			name = Release;
		};
		D16805C71CF8FCA80080A13B /* Debug */ = {
			isa = XCBuildConfiguration;
			buildSettings = {
				INFOPLIST_FILE = "Emoji TalkUITests/Info.plist";
				LD_RUNPATH_SEARCH_PATHS = "$(inherited) @executable_path/Frameworks @loader_path/Frameworks";
				PRODUCT_BUNDLE_IDENTIFIER = "Uhack-Emoji.Emoji-TalkUITests";
				PRODUCT_NAME = "$(TARGET_NAME)";
				TEST_TARGET_NAME = "Emoji Talk";
			};
			name = Debug;
		};
		D16805C81CF8FCA80080A13B /* Release */ = {
			isa = XCBuildConfiguration;
			buildSettings = {
				INFOPLIST_FILE = "Emoji TalkUITests/Info.plist";
				LD_RUNPATH_SEARCH_PATHS = "$(inherited) @executable_path/Frameworks @loader_path/Frameworks";
				PRODUCT_BUNDLE_IDENTIFIER = "Uhack-Emoji.Emoji-TalkUITests";
				PRODUCT_NAME = "$(TARGET_NAME)";
				TEST_TARGET_NAME = "Emoji Talk";
			};
			name = Release;
		};
/* End XCBuildConfiguration section */

/* Begin XCConfigurationList section */
		D16805931CF8FCA80080A13B /* Build configuration list for PBXProject "Emoji Talk" */ = {
			isa = XCConfigurationList;
			buildConfigurations = (
				D16805BE1CF8FCA80080A13B /* Debug */,
				D16805BF1CF8FCA80080A13B /* Release */,
			);
			defaultConfigurationIsVisible = 0;
			defaultConfigurationName = Release;
		};
		D16805C01CF8FCA80080A13B /* Build configuration list for PBXNativeTarget "Emoji Talk" */ = {
			isa = XCConfigurationList;
			buildConfigurations = (
				D16805C11CF8FCA80080A13B /* Debug */,
				D16805C21CF8FCA80080A13B /* Release */,
			);
			defaultConfigurationIsVisible = 0;
			defaultConfigurationName = Release;
		};
		D16805C31CF8FCA80080A13B /* Build configuration list for PBXNativeTarget "Emoji TalkTests" */ = {
			isa = XCConfigurationList;
			buildConfigurations = (
				D16805C41CF8FCA80080A13B /* Debug */,
				D16805C51CF8FCA80080A13B /* Release */,
			);
			defaultConfigurationIsVisible = 0;
			defaultConfigurationName = Release;
		};
		D16805C61CF8FCA80080A13B /* Build configuration list for PBXNativeTarget "Emoji TalkUITests" */ = {
			isa = XCConfigurationList;
			buildConfigurations = (
				D16805C71CF8FCA80080A13B /* Debug */,
				D16805C81CF8FCA80080A13B /* Release */,
			);
			defaultConfigurationIsVisible = 0;
			defaultConfigurationName = Release;
		};
/* End XCConfigurationList section */
	};
	rootObject = D16805901CF8FCA80080A13B /* Project object */;
}
